{
  "name": "API.exploreapollo.org",
  "dependencies": {
    "accepts": {
      "version": "1.2.13",
      "from": "accepts@>=1.2.12 <1.3.0",
      "resolved": "https://registry.npmjs.org/accepts/-/accepts-1.2.13.tgz"
    },
    "ap": {
      "version": "0.2.0",
      "from": "ap@>=0.2.0 <0.3.0",
      "resolved": "https://registry.npmjs.org/ap/-/ap-0.2.0.tgz"
    },
    "array-flatten": {
      "version": "1.1.1",
      "from": "array-flatten@1.1.1",
      "resolved": "https://registry.npmjs.org/array-flatten/-/array-flatten-1.1.1.tgz"
    },
    "asn1.js": {
      "version": "2.2.1",
      "from": "asn1.js@>=2.0.3 <3.0.0",
      "resolved": "https://registry.npmjs.org/asn1.js/-/asn1.js-2.2.1.tgz"
    },
    "base64-url": {
      "version": "1.2.1",
      "from": "base64-url@>=1.2.1 <2.0.0",
      "resolved": "https://registry.npmjs.org/base64-url/-/base64-url-1.2.1.tgz"
    },
    "base64url": {
      "version": "1.0.5",
      "from": "base64url@>=1.0.4 <1.1.0",
      "resolved": "https://registry.npmjs.org/base64url/-/base64url-1.0.5.tgz"
    },
    "bn.js": {
      "version": "2.2.0",
      "from": "bn.js@>=2.0.0 <3.0.0",
      "resolved": "https://registry.npmjs.org/bn.js/-/bn.js-2.2.0.tgz"
    },
    "body-parser": {
      "version": "1.14.1",
      "from": "body-parser@>=1.14.1 <1.15.0",
      "resolved": "https://registry.npmjs.org/body-parser/-/body-parser-1.14.1.tgz"
    },
    "buffer-equal-constant-time": {
      "version": "1.0.1",
      "from": "buffer-equal-constant-time@>=1.0.1 <2.0.0",
      "resolved": "https://registry.npmjs.org/buffer-equal-constant-time/-/buffer-equal-constant-time-1.0.1.tgz"
    },
    "buffer-writer": {
      "version": "1.0.0",
      "from": "buffer-writer@1.0.0",
      "resolved": "https://registry.npmjs.org/buffer-writer/-/buffer-writer-1.0.0.tgz"
    },
    "bytes": {
      "version": "2.1.0",
      "from": "bytes@2.1.0",
      "resolved": "https://registry.npmjs.org/bytes/-/bytes-2.1.0.tgz"
    },
    "camelcase": {
      "version": "1.2.1",
      "from": "camelcase@>=1.0.1 <2.0.0",
      "resolved": "https://registry.npmjs.org/camelcase/-/camelcase-1.2.1.tgz"
    },
    "camelcase-keys": {
      "version": "1.0.0",
      "from": "camelcase-keys@>=1.0.0 <2.0.0",
      "resolved": "https://registry.npmjs.org/camelcase-keys/-/camelcase-keys-1.0.0.tgz"
    },
    "concat-stream": {
      "version": "1.4.10",
      "from": "concat-stream@>=1.4.7 <1.5.0",
      "resolved": "https://registry.npmjs.org/concat-stream/-/concat-stream-1.4.10.tgz"
    },
    "config": {
      "version": "1.17.1",
      "from": "config@latest",
      "resolved": "https://registry.npmjs.org/config/-/config-1.17.1.tgz"
    },
    "content-disposition": {
      "version": "0.5.0",
      "from": "content-disposition@0.5.0",
      "resolved": "https://registry.npmjs.org/content-disposition/-/content-disposition-0.5.0.tgz"
    },
    "content-type": {
      "version": "1.0.1",
      "from": "content-type@>=1.0.1 <1.1.0",
      "resolved": "https://registry.npmjs.org/content-type/-/content-type-1.0.1.tgz"
    },
    "cookie": {
      "version": "0.1.3",
      "from": "cookie@0.1.3",
      "resolved": "https://registry.npmjs.org/cookie/-/cookie-0.1.3.tgz"
    },
    "cookie-signature": {
      "version": "1.0.6",
      "from": "cookie-signature@1.0.6",
      "resolved": "https://registry.npmjs.org/cookie-signature/-/cookie-signature-1.0.6.tgz"
    },
    "core-util-is": {
      "version": "1.0.2",
      "from": "core-util-is@>=1.0.0 <1.1.0",
      "resolved": "https://registry.npmjs.org/core-util-is/-/core-util-is-1.0.2.tgz"
    },
    "cors": {
      "version": "2.7.1",
      "from": "cors@latest",
      "resolved": "https://registry.npmjs.org/cors/-/cors-2.7.1.tgz"
    },
    "debug": {
      "version": "2.2.0",
      "from": "debug@>=2.2.0 <2.3.0",
      "resolved": "https://registry.npmjs.org/debug/-/debug-2.2.0.tgz"
    },
    "depd": {
      "version": "1.1.0",
      "from": "depd@>=1.1.0 <1.2.0",
      "resolved": "https://registry.npmjs.org/depd/-/depd-1.1.0.tgz"
    },
    "destroy": {
      "version": "1.0.3",
      "from": "destroy@1.0.3",
      "resolved": "https://registry.npmjs.org/destroy/-/destroy-1.0.3.tgz"
    },
    "ecdsa-sig-formatter": {
      "version": "1.0.2",
      "from": "ecdsa-sig-formatter@>=1.0.0 <2.0.0",
      "resolved": "https://registry.npmjs.org/ecdsa-sig-formatter/-/ecdsa-sig-formatter-1.0.2.tgz"
    },
    "ee-first": {
      "version": "1.1.1",
      "from": "ee-first@1.1.1",
      "resolved": "https://registry.npmjs.org/ee-first/-/ee-first-1.1.1.tgz"
    },
    "escape-html": {
      "version": "1.0.2",
      "from": "escape-html@1.0.2",
      "resolved": "https://registry.npmjs.org/escape-html/-/escape-html-1.0.2.tgz"
    },
    "etag": {
      "version": "1.7.0",
      "from": "etag@>=1.7.0 <1.8.0",
      "resolved": "https://registry.npmjs.org/etag/-/etag-1.7.0.tgz"
    },
    "express": {
      "version": "4.13.3",
      "from": "express@>=4.13.3 <4.14.0",
      "resolved": "https://registry.npmjs.org/express/-/express-4.13.3.tgz",
      "dependencies": {
        "depd": {
          "version": "1.0.1",
          "from": "depd@>=1.0.1 <1.1.0",
          "resolved": "https://registry.npmjs.org/depd/-/depd-1.0.1.tgz"
        },
        "qs": {
          "version": "4.0.0",
          "from": "qs@4.0.0",
          "resolved": "https://registry.npmjs.org/qs/-/qs-4.0.0.tgz"
        }
      }
    },
    "finalhandler": {
      "version": "0.4.0",
      "from": "finalhandler@0.4.0",
      "resolved": "https://registry.npmjs.org/finalhandler/-/finalhandler-0.4.0.tgz"
    },
    "forwarded": {
      "version": "0.1.0",
      "from": "forwarded@>=0.1.0 <0.2.0",
      "resolved": "https://registry.npmjs.org/forwarded/-/forwarded-0.1.0.tgz"
    },
    "fresh": {
      "version": "0.3.0",
      "from": "fresh@0.3.0",
      "resolved": "https://registry.npmjs.org/fresh/-/fresh-0.3.0.tgz"
    },
    "generic-pool": {
      "version": "2.1.1",
      "from": "generic-pool@2.1.1",
      "resolved": "https://registry.npmjs.org/generic-pool/-/generic-pool-2.1.1.tgz"
    },
    "get-stdin": {
      "version": "4.0.1",
      "from": "get-stdin@>=4.0.1 <5.0.0",
      "resolved": "https://registry.npmjs.org/get-stdin/-/get-stdin-4.0.1.tgz"
    },
    "http-errors": {
      "version": "1.3.1",
      "from": "http-errors@>=1.3.1 <1.4.0",
      "resolved": "https://registry.npmjs.org/http-errors/-/http-errors-1.3.1.tgz"
    },
    "iconv-lite": {
      "version": "0.4.12",
      "from": "iconv-lite@0.4.12",
      "resolved": "https://registry.npmjs.org/iconv-lite/-/iconv-lite-0.4.12.tgz"
    },
    "indent-string": {
      "version": "1.2.2",
      "from": "indent-string@>=1.1.0 <2.0.0",
      "resolved": "https://registry.npmjs.org/indent-string/-/indent-string-1.2.2.tgz"
    },
    "inherits": {
      "version": "2.0.1",
      "from": "inherits@>=2.0.1 <2.1.0",
      "resolved": "https://registry.npmjs.org/inherits/-/inherits-2.0.1.tgz"
    },
    "ipaddr.js": {
      "version": "1.0.5",
      "from": "ipaddr.js@1.0.5",
      "resolved": "https://registry.npmjs.org/ipaddr.js/-/ipaddr.js-1.0.5.tgz"
    },
    "is-finite": {
      "version": "1.0.1",
      "from": "is-finite@>=1.0.0 <2.0.0",
      "resolved": "https://registry.npmjs.org/is-finite/-/is-finite-1.0.1.tgz"
    },
    "isarray": {
      "version": "0.0.1",
      "from": "isarray@0.0.1",
      "resolved": "https://registry.npmjs.org/isarray/-/isarray-0.0.1.tgz"
    },
    "jsonwebtoken": {
      "version": "5.4.1",
      "from": "jsonwebtoken@>=5.4.0 <5.5.0",
      "resolved": "https://registry.npmjs.org/jsonwebtoken/-/jsonwebtoken-5.4.1.tgz"
    },
    "jwa": {
      "version": "1.1.1",
      "from": "jwa@>=1.1.0 <2.0.0",
      "resolved": "https://registry.npmjs.org/jwa/-/jwa-1.1.1.tgz",
      "dependencies": {
        "base64url": {
          "version": "0.0.6",
          "from": "base64url@>=0.0.4 <0.1.0",
          "resolved": "https://registry.npmjs.org/base64url/-/base64url-0.0.6.tgz"
        }
      }
    },
    "jws": {
      "version": "3.1.0",
      "from": "jws@>=3.0.0 <4.0.0",
      "resolved": "https://registry.npmjs.org/jws/-/jws-3.1.0.tgz"
    },
    "lodash": {
      "version": "3.10.1",
      "from": "lodash@latest",
      "resolved": "https://registry.npmjs.org/lodash/-/lodash-3.10.1.tgz"
    },
    "map-obj": {
      "version": "1.0.1",
      "from": "map-obj@>=1.0.0 <2.0.0",
      "resolved": "https://registry.npmjs.org/map-obj/-/map-obj-1.0.1.tgz"
    },
    "media-typer": {
      "version": "0.3.0",
      "from": "media-typer@0.3.0",
      "resolved": "https://registry.npmjs.org/media-typer/-/media-typer-0.3.0.tgz"
    },
    "meow": {
      "version": "2.0.0",
      "from": "meow@>=2.0.0 <2.1.0",
      "resolved": "https://registry.npmjs.org/meow/-/meow-2.0.0.tgz"
    },
    "merge-descriptors": {
      "version": "1.0.0",
      "from": "merge-descriptors@1.0.0",
      "resolved": "https://registry.npmjs.org/merge-descriptors/-/merge-descriptors-1.0.0.tgz"
    },
    "methods": {
      "version": "1.1.1",
      "from": "methods@>=1.1.1 <1.2.0",
      "resolved": "https://registry.npmjs.org/methods/-/methods-1.1.1.tgz"
    },
    "mime": {
      "version": "1.3.4",
      "from": "mime@1.3.4",
      "resolved": "https://registry.npmjs.org/mime/-/mime-1.3.4.tgz"
    },
    "mime-db": {
      "version": "1.20.0",
      "from": "mime-db@>=1.20.0 <1.21.0",
      "resolved": "https://registry.npmjs.org/mime-db/-/mime-db-1.20.0.tgz"
    },
    "mime-types": {
      "version": "2.1.8",
      "from": "mime-types@>=2.1.8 <2.2.0",
      "resolved": "https://registry.npmjs.org/mime-types/-/mime-types-2.1.8.tgz"
    },
    "minimalistic-assert": {
      "version": "1.0.0",
      "from": "minimalistic-assert@>=1.0.0 <2.0.0",
      "resolved": "https://registry.npmjs.org/minimalistic-assert/-/minimalistic-assert-1.0.0.tgz"
    },
    "minimist": {
      "version": "1.2.0",
      "from": "minimist@>=1.1.0 <2.0.0",
      "resolved": "https://registry.npmjs.org/minimist/-/minimist-1.2.0.tgz"
    },
    "ms": {
      "version": "0.7.1",
      "from": "ms@0.7.1",
      "resolved": "https://registry.npmjs.org/ms/-/ms-0.7.1.tgz"
    },
    "negotiator": {
      "version": "0.5.3",
      "from": "negotiator@0.5.3",
      "resolved": "https://registry.npmjs.org/negotiator/-/negotiator-0.5.3.tgz"
    },
    "number-is-nan": {
      "version": "1.0.0",
      "from": "number-is-nan@>=1.0.0 <2.0.0",
      "resolved": "https://registry.npmjs.org/number-is-nan/-/number-is-nan-1.0.0.tgz"
    },
    "object-assign": {
      "version": "1.0.0",
      "from": "object-assign@>=1.0.0 <2.0.0",
      "resolved": "https://registry.npmjs.org/object-assign/-/object-assign-1.0.0.tgz"
    },
    "on-finished": {
      "version": "2.3.0",
      "from": "on-finished@>=2.3.0 <2.4.0",
      "resolved": "https://registry.npmjs.org/on-finished/-/on-finished-2.3.0.tgz"
    },
    "packet-reader": {
      "version": "0.2.0",
      "from": "packet-reader@0.2.0",
      "resolved": "https://registry.npmjs.org/packet-reader/-/packet-reader-0.2.0.tgz"
    },
    "parseurl": {
      "version": "1.3.0",
      "from": "parseurl@>=1.3.0 <1.4.0",
      "resolved": "https://registry.npmjs.org/parseurl/-/parseurl-1.3.0.tgz"
    },
    "path-to-regexp": {
      "version": "0.1.7",
      "from": "path-to-regexp@0.1.7",
      "resolved": "https://registry.npmjs.org/path-to-regexp/-/path-to-regexp-0.1.7.tgz"
    },
    "pg": {
      "version": "4.4.3",
      "from": "pg@>=4.4.2 <4.5.0",
      "resolved": "https://registry.npmjs.org/pg/-/pg-4.4.3.tgz"
    },
    "pg-connection-string": {
      "version": "0.1.3",
      "from": "pg-connection-string@0.1.3",
      "resolved": "https://registry.npmjs.org/pg-connection-string/-/pg-connection-string-0.1.3.tgz"
    },
    "pg-types": {
      "version": "1.10.0",
      "from": "pg-types@>=1.0.0 <2.0.0",
      "resolved": "https://registry.npmjs.org/pg-types/-/pg-types-1.10.0.tgz"
    },
    "pgpass": {
      "version": "0.0.3",
      "from": "pgpass@0.0.3",
      "resolved": "https://registry.npmjs.org/pgpass/-/pgpass-0.0.3.tgz"
    },
    "postgres-array": {
      "version": "1.0.0",
      "from": "postgres-array@>=1.0.0 <1.1.0",
      "resolved": "https://registry.npmjs.org/postgres-array/-/postgres-array-1.0.0.tgz"
    },
    "postgres-bytea": {
      "version": "1.0.0",
      "from": "postgres-bytea@>=1.0.0 <1.1.0",
      "resolved": "https://registry.npmjs.org/postgres-bytea/-/postgres-bytea-1.0.0.tgz"
    },
    "postgres-date": {
      "version": "1.0.0",
      "from": "postgres-date@>=1.0.0 <1.1.0",
      "resolved": "https://registry.npmjs.org/postgres-date/-/postgres-date-1.0.0.tgz"
    },
    "postgres-interval": {
      "version": "1.0.1",
      "from": "postgres-interval@>=1.0.0 <1.1.0",
      "resolved": "https://registry.npmjs.org/postgres-interval/-/postgres-interval-1.0.1.tgz"
    },
    "proxy-addr": {
      "version": "1.0.10",
      "from": "proxy-addr@>=1.0.8 <1.1.0",
      "resolved": "https://registry.npmjs.org/proxy-addr/-/proxy-addr-1.0.10.tgz"
    },
    "qs": {
      "version": "5.1.0",
      "from": "qs@5.1.0",
      "resolved": "https://registry.npmjs.org/qs/-/qs-5.1.0.tgz"
    },
    "range-parser": {
      "version": "1.0.3",
      "from": "range-parser@>=1.0.2 <1.1.0",
      "resolved": "https://registry.npmjs.org/range-parser/-/range-parser-1.0.3.tgz"
    },
    "raw-body": {
      "version": "2.1.5",
      "from": "raw-body@>=2.1.4 <2.2.0",
      "resolved": "https://registry.npmjs.org/raw-body/-/raw-body-2.1.5.tgz",
      "dependencies": {
        "bytes": {
          "version": "2.2.0",
          "from": "bytes@2.2.0",
          "resolved": "https://registry.npmjs.org/bytes/-/bytes-2.2.0.tgz"
        },
        "iconv-lite": {
          "version": "0.4.13",
          "from": "iconv-lite@0.4.13",
          "resolved": "https://registry.npmjs.org/iconv-lite/-/iconv-lite-0.4.13.tgz"
        }
      }
    },
    "readable-stream": {
      "version": "1.1.13",
      "from": "readable-stream@>=1.1.9 <1.2.0",
      "resolved": "https://registry.npmjs.org/readable-stream/-/readable-stream-1.1.13.tgz"
    },
    "repeating": {
      "version": "1.1.3",
      "from": "repeating@>=1.1.0 <2.0.0",
      "resolved": "https://registry.npmjs.org/repeating/-/repeating-1.1.3.tgz"
    },
    "semver": {
      "version": "4.3.6",
      "from": "semver@>=4.1.0 <5.0.0",
      "resolved": "https://registry.npmjs.org/semver/-/semver-4.3.6.tgz"
    },
    "send": {
      "version": "0.13.0",
      "from": "send@0.13.0",
      "resolved": "https://registry.npmjs.org/send/-/send-0.13.0.tgz",
      "dependencies": {
        "depd": {
          "version": "1.0.1",
          "from": "depd@>=1.0.1 <1.1.0",
          "resolved": "https://registry.npmjs.org/depd/-/depd-1.0.1.tgz"
        }
      }
    },
    "serve-static": {
      "version": "1.10.0",
      "from": "serve-static@>=1.10.0 <1.11.0",
      "resolved": "https://registry.npmjs.org/serve-static/-/serve-static-1.10.0.tgz"
    },
    "split": {
      "version": "0.3.3",
      "from": "split@>=0.3.0 <0.4.0",
      "resolved": "https://registry.npmjs.org/split/-/split-0.3.3.tgz"
    },
    "statuses": {
      "version": "1.2.1",
      "from": "statuses@>=1.0.0 <2.0.0",
      "resolved": "https://registry.npmjs.org/statuses/-/statuses-1.2.1.tgz"
    },
    "string_decoder": {
      "version": "0.10.31",
      "from": "string_decoder@>=0.10.0 <0.11.0",
      "resolved": "https://registry.npmjs.org/string_decoder/-/string_decoder-0.10.31.tgz"
    },
    "through": {
      "version": "2.3.8",
      "from": "through@>=2.0.0 <3.0.0",
      "resolved": "https://registry.npmjs.org/through/-/through-2.3.8.tgz"
    },
    "type-is": {
      "version": "1.6.10",
      "from": "type-is@>=1.6.9 <1.7.0",
      "resolved": "https://registry.npmjs.org/type-is/-/type-is-1.6.10.tgz"
    },
    "typedarray": {
      "version": "0.0.6",
      "from": "typedarray@>=0.0.5 <0.1.0",
      "resolved": "https://registry.npmjs.org/typedarray/-/typedarray-0.0.6.tgz"
    },
    "unpipe": {
      "version": "1.0.0",
      "from": "unpipe@1.0.0",
      "resolved": "https://registry.npmjs.org/unpipe/-/unpipe-1.0.0.tgz"
    },
    "utils-merge": {
      "version": "1.0.0",
      "from": "utils-merge@1.0.0",
      "resolved": "https://registry.npmjs.org/utils-merge/-/utils-merge-1.0.0.tgz"
    },
    "vary": {
      "version": "1.0.1",
      "from": "vary@>=1.0.1 <1.1.0",
      "resolved": "https://registry.npmjs.org/vary/-/vary-1.0.1.tgz"
    },
    "xtend": {
      "version": "4.0.1",
      "from": "xtend@>=4.0.0 <5.0.0",
      "resolved": "https://registry.npmjs.org/xtend/-/xtend-4.0.1.tgz"
    }
  }
}
